# This file is generated by running "yarn install" inside your project.
# Manual changes might be lost - proceed with caution!

__metadata:
  version: 6
  cacheKey: 8

"argparse@npm:^2.0.1":
  version: 2.0.1
  resolution: "argparse@npm:2.0.1"
  checksum: 83644b56493e89a254bae05702abf3a1101b4fa4d0ca31df1c9985275a5a5bd47b3c27b7fa0b71098d41114d8ca000e6ed90cad764b306f8a503665e4d517ced
  languageName: node
  linkType: hard

"entities@npm:~3.0.1":
  version: 3.0.1
  resolution: "entities@npm:3.0.1"
  checksum: aaf7f12033f0939be91f5161593f853f2da55866db55ccbf72f45430b8977e2b79dbd58c53d0fdd2d00bd7d313b75b0968d09f038df88e308aa97e39f9456572
  languageName: node
  linkType: hard

"linkify-it@npm:^4.0.1":
  version: 4.0.1
  resolution: "linkify-it@npm:4.0.1"
  dependencies:
    uc.micro: ^1.0.1
  checksum: 3e0a29921269c14eb7ac6f5db2da68d4854ea9acca6e9014a323f75f2dd39b197ffab57c1fbd6a906ceb021aad3ee6d7ba7d0181236dd9630ffc452b392f7f71
  languageName: node
  linkType: hard

"marcusrbrown@workspace:.":
  version: 0.0.0-use.local
  resolution: "marcusrbrown@workspace:."
  dependencies:
    markdownlint: 0.29.0
  languageName: unknown
  linkType: soft

"markdown-it@npm:13.0.1":
  version: 13.0.1
  resolution: "markdown-it@npm:13.0.1"
  dependencies:
    argparse: ^2.0.1
    entities: ~3.0.1
    linkify-it: ^4.0.1
    mdurl: ^1.0.1
    uc.micro: ^1.0.5
  bin:
    markdown-it: bin/markdown-it.js
  checksum: faf5891d389dc433bcf21d3fbff2009beb044b42b117c92f4848899780ca1a2282a209e3ff4672db4afed726a7248304ec473e6e242a7d6498af7113d31974e7
  languageName: node
  linkType: hard

"markdownlint-micromark@npm:0.1.5":
  version: 0.1.5
  resolution: "markdownlint-micromark@npm:0.1.5"
  checksum: fc69c340c31a06b46cf358759348a12b60b0080d82406ec1ed2e015e96b664e4075584980cf1bf029287109503ec37d0da012ec67827bc7a21a9f7d0b5a624b8
  languageName: node
  linkType: hard

"markdownlint@npm:0.29.0":
  version: 0.29.0
  resolution: "markdownlint@npm:0.29.0"
  dependencies:
    markdown-it: 13.0.1
    markdownlint-micromark: 0.1.5
  checksum: 5785f5173f553510516bf1f68a0768118dcae3a3a19234f6ed57d5d5a8f5beedcca859593fdcf0d8e90fdccb69fd0e168e77416f5712e04e2062c5bf2dca5612
  languageName: node
  linkType: hard

"mdurl@npm:^1.0.1":
  version: 1.0.1
  resolution: "mdurl@npm:1.0.1"
  checksum: 71731ecba943926bfbf9f9b51e28b5945f9411c4eda80894221b47cc105afa43ba2da820732b436f0798fd3edbbffcd1fc1415843c41a87fea08a41cc1e3d02b
  languageName: node
  linkType: hard

"uc.micro@npm:^1.0.1, uc.micro@npm:^1.0.5":
  version: 1.0.6
  resolution: "uc.micro@npm:1.0.6"
  checksum: 6898bb556319a38e9cf175e3628689347bd26fec15fc6b29fa38e0045af63075ff3fea4cf1fdba9db46c9f0cbf07f2348cd8844889dd31ebd288c29fe0d27e7a
  languageName: node
  linkType: hard
